
Microsoft Visual Studio Solution File, Format Version 12.00
# Visual Studio Version 17
VisualStudioVersion = 17.14.36408.4 d17.14
MinimumVisualStudioVersion = 10.0.40219.1
Project("{FAE04EC0-301F-11D3-BF4B-00C04F79EFBC}") = "SupersetAPI", "SupersetAPI.csproj", "{856F2EE3-723C-4753-9D43-F0537EB0A1B2}"
EndProject
Global
	GlobalSection(SolutionConfigurationPlatforms) = preSolution
		Debug|Any CPU = Debug|Any CPU
		Release|Any CPU = Release|Any CPU
	EndGlobalSection
	GlobalSection(ProjectConfigurationPlatforms) = postSolution
		{856F2EE3-723C-4753-9D43-F0537EB0A1B2}.Debug|Any CPU.ActiveCfg = Debug|Any CPU
		{856F2EE3-723C-4753-9D43-F0537EB0A1B2}.Debug|Any CPU.Build.0 = Debug|Any CPU
		{856F2EE3-723C-4753-9D43-F0537EB0A1B2}.Release|Any CPU.ActiveCfg = Release|Any CPU
		{856F2EE3-723C-4753-9D43-F0537EB0A1B2}.Release|Any CPU.Build.0 = Release|Any CPU
	EndGlobalSection
	GlobalSection(SolutionProperties) = preSolution
		HideSolutionNode = FALSE
	EndGlobalSection
	GlobalSection(ExtensibilityGlobals) = postSolution
		SolutionGuid = {1D8B91BE-CD14-4C35-ABEA-96F32423314A}
	EndGlobalSection
EndGlobal
